{
  "version": 4,
  "terraform_version": "1.1.0",
  "serial": 12,
  "lineage": "b3ed1102-b722-1896-dabb-e6fe52896d6c",
  "outputs": {},
  "resources": [
    {
      "mode": "data",
      "type": "huaweicloud_availability_zones",
      "name": "myaz",
      "provider": "provider[\"registry.terraform.io/huaweicloud/huaweicloud\"]",
      "instances": [
        {
          "schema_version": 0,
          "attributes": {
            "id": "3028977763",
            "names": [
              "sa-argentina-1a"
            ],
            "region": null,
            "state": "available"
          },
          "sensitive_attributes": []
        }
      ]
    },
    {
      "mode": "data",
      "type": "huaweicloud_images_image",
      "name": "myimage",
      "provider": "provider[\"registry.terraform.io/huaweicloud/huaweicloud\"]",
      "instances": [
        {
          "schema_version": 0,
          "attributes": {
            "architecture": null,
            "checksum": "99914b932bd37a50b983c5e7c90ae93b",
            "container_format": "bare",
            "created_at": "2021-04-28T03:16:08Z",
            "disk_format": "zvhd2",
            "file": "/v2/images/e102123f-cb32-46e0-9409-e5812063b89e/file",
            "id": "e102123f-cb32-46e0-9409-e5812063b89e",
            "image_type": "FusionCompute",
            "metadata": null,
            "min_disk_gb": 40,
            "min_ram_mb": 0,
            "most_recent": true,
            "name": "CentOS 7.9 64bit",
            "name_regex": null,
            "os": "CentOS",
            "os_version": "CentOS 7.9 64bit",
            "owner": "0732569ce78025a92fc5c0007b7e1a7d",
            "protected": true,
            "region": null,
            "schema": "/v2/schemas/image",
            "size_bytes": 1549508608,
            "size_max": null,
            "size_min": null,
            "sort_direction": "asc",
            "sort_key": "name",
            "status": "active",
            "tag": null,
            "updated_at": "2021-04-28T03:20:36Z",
            "visibility": "public"
          },
          "sensitive_attributes": []
        }
      ]
    },
    {
      "mode": "managed",
      "type": "huaweicloud_compute_volume_attach",
      "name": "pg-attached",
      "provider": "provider[\"registry.terraform.io/huaweicloud/huaweicloud\"]",
      "instances": []
    },
    {
      "mode": "managed",
      "type": "huaweicloud_evs_volume",
      "name": "pg-vol",
      "provider": "provider[\"registry.terraform.io/huaweicloud/huaweicloud\"]",
      "instances": [
        {
          "schema_version": 0,
          "attributes": {
            "attachment": [],
            "availability_zone": "sa-argentina-1a",
            "backup_id": null,
            "cascade": false,
            "description": "",
            "device_type": "VBD",
            "enterprise_project_id": "0",
            "id": "6fc326b5-c5d9-4fe8-9a09-2ff0350eac1b",
            "image_id": null,
            "kms_id": null,
            "multiattach": false,
            "name": "pg-volume",
            "region": "sa-argentina-1",
            "size": 50,
            "snapshot_id": "",
            "tags": null,
            "timeouts": null,
            "volume_type": "SSD",
            "wwn": "6888603000000fc1fa160c3973550310"
          },
          "sensitive_attributes": [],
          "private": "eyJlMmJmYjczMC1lY2FhLTExZTYtOGY4OC0zNDM2M2JjN2M0YzAiOnsiY3JlYXRlIjo2MDAwMDAwMDAwMDAsImRlbGV0ZSI6MTgwMDAwMDAwMDAwLCJ1cGRhdGUiOjE4MDAwMDAwMDAwMH19",
          "dependencies": [
            "data.huaweicloud_availability_zones.myaz"
          ]
        }
      ]
    },
    {
      "mode": "managed",
      "type": "huaweicloud_nat_dnat_rule",
      "name": "pg-dnat_1",
      "provider": "provider[\"registry.terraform.io/huaweicloud/huaweicloud\"]",
      "instances": []
    },
    {
      "mode": "managed",
      "type": "huaweicloud_nat_dnat_rule",
      "name": "pg-dnat_2",
      "provider": "provider[\"registry.terraform.io/huaweicloud/huaweicloud\"]",
      "instances": []
    },
    {
      "mode": "managed",
      "type": "huaweicloud_nat_dnat_rule",
      "name": "pg-dnat_3",
      "provider": "provider[\"registry.terraform.io/huaweicloud/huaweicloud\"]",
      "instances": []
    },
    {
      "mode": "managed",
      "type": "huaweicloud_nat_dnat_rule",
      "name": "pg-dnat_4",
      "provider": "provider[\"registry.terraform.io/huaweicloud/huaweicloud\"]",
      "instances": []
    },
    {
      "mode": "managed",
      "type": "huaweicloud_nat_gateway",
      "name": "pg-nat",
      "provider": "provider[\"registry.terraform.io/huaweicloud/huaweicloud\"]",
      "instances": [
        {
          "schema_version": 0,
          "attributes": {
            "description": "",
            "enterprise_project_id": "0",
            "id": "ec75d665-cd5a-40b9-b2eb-9a5f9df9cdf6",
            "internal_network_id": "d39e591a-1390-4e64-9468-4c40acd32f90",
            "name": "pg-nat",
            "region": "sa-argentina-1",
            "router_id": "da2d64d9-0428-44b2-8839-f85c2904d988",
            "spec": "1",
            "status": "ACTIVE",
            "subnet_id": "d39e591a-1390-4e64-9468-4c40acd32f90",
            "timeouts": null,
            "vpc_id": "da2d64d9-0428-44b2-8839-f85c2904d988"
          },
          "sensitive_attributes": [],
          "private": "eyJlMmJmYjczMC1lY2FhLTExZTYtOGY4OC0zNDM2M2JjN2M0YzAiOnsiY3JlYXRlIjo2MDAwMDAwMDAwMDAsImRlbGV0ZSI6NjAwMDAwMDAwMDAwfX0=",
          "dependencies": [
            "huaweicloud_vpc.pgvpc",
            "huaweicloud_vpc_subnet.pg-subnet"
          ]
        }
      ]
    },
    {
      "mode": "managed",
      "type": "huaweicloud_nat_snat_rule",
      "name": "pg-snat",
      "provider": "provider[\"registry.terraform.io/huaweicloud/huaweicloud\"]",
      "instances": [
        {
          "schema_version": 0,
          "attributes": {
            "cidr": "",
            "floating_ip_address": "119.8.75.94",
            "floating_ip_id": "3fceb686-7435-4c6a-8332-a4171ee0d398",
            "id": "c450bafe-63f8-4e75-b2bd-858b54ff3b22",
            "nat_gateway_id": "ec75d665-cd5a-40b9-b2eb-9a5f9df9cdf6",
            "network_id": null,
            "region": "sa-argentina-1",
            "source_type": 0,
            "status": "ACTIVE",
            "subnet_id": "d39e591a-1390-4e64-9468-4c40acd32f90",
            "timeouts": null
          },
          "sensitive_attributes": [],
          "private": "eyJlMmJmYjczMC1lY2FhLTExZTYtOGY4OC0zNDM2M2JjN2M0YzAiOnsiY3JlYXRlIjo2MDAwMDAwMDAwMDAsImRlbGV0ZSI6NjAwMDAwMDAwMDAwfX0=",
          "dependencies": [
            "huaweicloud_nat_gateway.pg-nat",
            "huaweicloud_vpc.pgvpc",
            "huaweicloud_vpc_subnet.pg-subnet"
          ]
        }
      ]
    },
    {
      "mode": "managed",
      "type": "huaweicloud_networking_secgroup",
      "name": "pg-secgroup",
      "provider": "provider[\"registry.terraform.io/huaweicloud/huaweicloud\"]",
      "instances": [
        {
          "schema_version": 0,
          "attributes": {
            "delete_default_rules": null,
            "description": "My security group",
            "enterprise_project_id": "0",
            "id": "b02d16f6-cb06-4652-8f89-3215561a1538",
            "name": "pg-secgroup",
            "region": "sa-argentina-1",
            "rules": [
              {
                "description": "",
                "direction": "ingress",
                "ethertype": "IPv4",
                "id": "7986e2e1-d8f7-41fd-856f-624baf68347b",
                "port_range_max": 0,
                "port_range_min": 0,
                "protocol": "",
                "remote_group_id": "b02d16f6-cb06-4652-8f89-3215561a1538",
                "remote_ip_prefix": ""
              },
              {
                "description": "",
                "direction": "egress",
                "ethertype": "IPv4",
                "id": "2c15f3ee-756c-4019-bfe1-840c17a222d4",
                "port_range_max": 0,
                "port_range_min": 0,
                "protocol": "",
                "remote_group_id": "",
                "remote_ip_prefix": ""
              }
            ],
            "tenant_id": null,
            "timeouts": null
          },
          "sensitive_attributes": [],
          "private": "eyJlMmJmYjczMC1lY2FhLTExZTYtOGY4OC0zNDM2M2JjN2M0YzAiOnsiZGVsZXRlIjo2MDAwMDAwMDAwMDB9fQ=="
        }
      ]
    },
    {
      "mode": "managed",
      "type": "huaweicloud_networking_secgroup_rule",
      "name": "http",
      "provider": "provider[\"registry.terraform.io/huaweicloud/huaweicloud\"]",
      "instances": [
        {
          "schema_version": 0,
          "attributes": {
            "description": "",
            "direction": "ingress",
            "ethertype": "IPv4",
            "id": "0f0bc742-5dd0-4a61-a9ce-03ed0790d903",
            "port_range_max": 80,
            "port_range_min": 80,
            "protocol": "tcp",
            "region": "sa-argentina-1",
            "remote_group_id": "",
            "remote_ip_prefix": "0.0.0.0/0",
            "security_group_id": "b02d16f6-cb06-4652-8f89-3215561a1538",
            "tenant_id": "0d471126ed00f5882fe5c000df6574a1",
            "timeouts": null
          },
          "sensitive_attributes": [],
          "private": "eyJlMmJmYjczMC1lY2FhLTExZTYtOGY4OC0zNDM2M2JjN2M0YzAiOnsiZGVsZXRlIjo2MDAwMDAwMDAwMDB9fQ==",
          "dependencies": [
            "huaweicloud_networking_secgroup.pg-secgroup"
          ]
        }
      ]
    },
    {
      "mode": "managed",
      "type": "huaweicloud_networking_secgroup_rule",
      "name": "http1",
      "provider": "provider[\"registry.terraform.io/huaweicloud/huaweicloud\"]",
      "instances": [
        {
          "schema_version": 0,
          "attributes": {
            "description": "",
            "direction": "ingress",
            "ethertype": "IPv4",
            "id": "1dfe939b-c083-409e-beb6-1f23c5d212b5",
            "port_range_max": 8080,
            "port_range_min": 8080,
            "protocol": "tcp",
            "region": "sa-argentina-1",
            "remote_group_id": "",
            "remote_ip_prefix": "0.0.0.0/0",
            "security_group_id": "b02d16f6-cb06-4652-8f89-3215561a1538",
            "tenant_id": "0d471126ed00f5882fe5c000df6574a1",
            "timeouts": null
          },
          "sensitive_attributes": [],
          "private": "eyJlMmJmYjczMC1lY2FhLTExZTYtOGY4OC0zNDM2M2JjN2M0YzAiOnsiZGVsZXRlIjo2MDAwMDAwMDAwMDB9fQ==",
          "dependencies": [
            "huaweicloud_networking_secgroup.pg-secgroup"
          ]
        }
      ]
    },
    {
      "mode": "managed",
      "type": "huaweicloud_networking_secgroup_rule",
      "name": "https",
      "provider": "provider[\"registry.terraform.io/huaweicloud/huaweicloud\"]",
      "instances": [
        {
          "schema_version": 0,
          "attributes": {
            "description": "",
            "direction": "ingress",
            "ethertype": "IPv4",
            "id": "ada643a1-b36d-472f-ba64-a2ee1c448ef4",
            "port_range_max": 443,
            "port_range_min": 443,
            "protocol": "tcp",
            "region": "sa-argentina-1",
            "remote_group_id": "",
            "remote_ip_prefix": "0.0.0.0/0",
            "security_group_id": "b02d16f6-cb06-4652-8f89-3215561a1538",
            "tenant_id": "0d471126ed00f5882fe5c000df6574a1",
            "timeouts": null
          },
          "sensitive_attributes": [],
          "private": "eyJlMmJmYjczMC1lY2FhLTExZTYtOGY4OC0zNDM2M2JjN2M0YzAiOnsiZGVsZXRlIjo2MDAwMDAwMDAwMDB9fQ==",
          "dependencies": [
            "huaweicloud_networking_secgroup.pg-secgroup"
          ]
        }
      ]
    },
    {
      "mode": "managed",
      "type": "huaweicloud_networking_secgroup_rule",
      "name": "secgroup_rule",
      "provider": "provider[\"registry.terraform.io/huaweicloud/huaweicloud\"]",
      "instances": [
        {
          "schema_version": 0,
          "attributes": {
            "description": "",
            "direction": "ingress",
            "ethertype": "IPv4",
            "id": "c878cfad-df1d-41b4-90dc-55d8961f97d7",
            "port_range_max": 22,
            "port_range_min": 22,
            "protocol": "tcp",
            "region": "sa-argentina-1",
            "remote_group_id": "",
            "remote_ip_prefix": "0.0.0.0/0",
            "security_group_id": "b02d16f6-cb06-4652-8f89-3215561a1538",
            "tenant_id": "0d471126ed00f5882fe5c000df6574a1",
            "timeouts": null
          },
          "sensitive_attributes": [],
          "private": "eyJlMmJmYjczMC1lY2FhLTExZTYtOGY4OC0zNDM2M2JjN2M0YzAiOnsiZGVsZXRlIjo2MDAwMDAwMDAwMDB9fQ==",
          "dependencies": [
            "huaweicloud_networking_secgroup.pg-secgroup"
          ]
        }
      ]
    },
    {
      "mode": "managed",
      "type": "huaweicloud_vpc",
      "name": "pgvpc",
      "provider": "provider[\"registry.terraform.io/huaweicloud/huaweicloud\"]",
      "instances": [
        {
          "schema_version": 0,
          "attributes": {
            "cidr": "192.168.0.0/16",
            "description": "",
            "enterprise_project_id": "0",
            "id": "da2d64d9-0428-44b2-8839-f85c2904d988",
            "name": "pgvpc",
            "region": "sa-argentina-1",
            "routes": [],
            "status": "OK",
            "tags": null,
            "timeouts": null
          },
          "sensitive_attributes": [],
          "private": "eyJlMmJmYjczMC1lY2FhLTExZTYtOGY4OC0zNDM2M2JjN2M0YzAiOnsiY3JlYXRlIjo2MDAwMDAwMDAwMDAsImRlbGV0ZSI6MTgwMDAwMDAwMDAwfX0="
        }
      ]
    },
    {
      "mode": "managed",
      "type": "huaweicloud_vpc_subnet",
      "name": "pg-subnet",
      "provider": "provider[\"registry.terraform.io/huaweicloud/huaweicloud\"]",
      "instances": [
        {
          "schema_version": 0,
          "attributes": {
            "availability_zone": "",
            "cidr": "192.168.0.0/24",
            "dhcp_enable": true,
            "dns_list": [
              "100.125.1.250",
              "8.8.8.8"
            ],
            "gateway_ip": "192.168.0.1",
            "id": "d39e591a-1390-4e64-9468-4c40acd32f90",
            "ipv6_cidr": "",
            "ipv6_enable": false,
            "ipv6_gateway": "",
            "ipv6_subnet_id": "",
            "name": "pg-subnet",
            "primary_dns": "100.125.1.250",
            "region": "sa-argentina-1",
            "secondary_dns": "8.8.8.8",
            "subnet_id": "1c6b1f6f-3c18-4817-99d5-04fcc220a9fe",
            "tags": null,
            "timeouts": null,
            "vpc_id": "da2d64d9-0428-44b2-8839-f85c2904d988"
          },
          "sensitive_attributes": [],
          "private": "eyJlMmJmYjczMC1lY2FhLTExZTYtOGY4OC0zNDM2M2JjN2M0YzAiOnsiY3JlYXRlIjo2MDAwMDAwMDAwMDAsImRlbGV0ZSI6NjAwMDAwMDAwMDAwfX0=",
          "dependencies": [
            "huaweicloud_vpc.pgvpc"
          ]
        }
      ]
    }
  ]
}
