{
  "version": 4,
  "terraform_version": "1.1.0",
  "serial": 60,
  "lineage": "b3ed1102-b722-1896-dabb-e6fe52896d6c",
  "outputs": {},
  "resources": [
    {
      "mode": "data",
      "type": "huaweicloud_availability_zones",
      "name": "myaz",
      "provider": "provider[\"registry.terraform.io/huaweicloud/huaweicloud\"]",
      "instances": [
        {
          "schema_version": 0,
          "attributes": {
            "id": "3028977763",
            "names": [
              "sa-argentina-1a"
            ],
            "region": null,
            "state": "available"
          },
          "sensitive_attributes": []
        }
      ]
    },
    {
      "mode": "data",
      "type": "huaweicloud_images_image",
      "name": "myimage",
      "provider": "provider[\"registry.terraform.io/huaweicloud/huaweicloud\"]",
      "instances": [
        {
          "schema_version": 0,
          "attributes": {
            "architecture": null,
            "checksum": "99914b932bd37a50b983c5e7c90ae93b",
            "container_format": "bare",
            "created_at": "2021-04-28T03:16:08Z",
            "disk_format": "zvhd2",
            "file": "/v2/images/e102123f-cb32-46e0-9409-e5812063b89e/file",
            "id": "e102123f-cb32-46e0-9409-e5812063b89e",
            "image_type": "FusionCompute",
            "metadata": null,
            "min_disk_gb": 40,
            "min_ram_mb": 0,
            "most_recent": true,
            "name": "CentOS 7.9 64bit",
            "name_regex": null,
            "os": "CentOS",
            "os_version": "CentOS 7.9 64bit",
            "owner": "0732569ce78025a92fc5c0007b7e1a7d",
            "protected": true,
            "region": null,
            "schema": "/v2/schemas/image",
            "size_bytes": 1549508608,
            "size_max": null,
            "size_min": null,
            "sort_direction": "asc",
            "sort_key": "name",
            "status": "active",
            "tag": null,
            "updated_at": "2021-04-28T03:20:36Z",
            "visibility": "public"
          },
          "sensitive_attributes": []
        }
      ]
    },
    {
      "mode": "managed",
      "type": "huaweicloud_compute_instance",
      "name": "pg-ecs",
      "provider": "provider[\"registry.terraform.io/huaweicloud/huaweicloud\"]",
      "instances": [
        {
          "schema_version": 0,
          "attributes": {
            "access_ip_v4": "192.168.0.126",
            "access_ip_v6": "",
            "admin_pass": "Pgallo123",
            "agency_name": "",
            "auto_renew": null,
            "availability_zone": "sa-argentina-1a",
            "block_device": [],
            "charging_mode": "postPaid",
            "data_disks": [],
            "delete_disks_on_termination": null,
            "enterprise_project_id": "0",
            "flavor_id": "s6.large.2",
            "flavor_name": "s6.large.2",
            "id": "f58446e1-557a-4ebc-9096-aafe9972441a",
            "image_id": "e102123f-cb32-46e0-9409-e5812063b89e",
            "image_name": "CentOS 7.9 64bit",
            "key_pair": null,
            "metadata": null,
            "name": "pg-ecs",
            "network": [
              {
                "access_network": false,
                "fixed_ip_v4": "192.168.0.126",
                "fixed_ip_v6": "",
                "mac": "fa:16:c0:94:ac:85",
                "port": "2899021d-aaa8-4b69-a59f-aaaf82849890",
                "source_dest_check": true,
                "uuid": "e6c958d9-7ac7-4422-b138-9a3171553abd"
              }
            ],
            "period": null,
            "period_unit": null,
            "power_action": null,
            "public_ip": null,
            "region": "sa-argentina-1",
            "scheduler_hints": [],
            "security_group_ids": [
              "a3579dc4-ffef-4d29-a36c-6b8dd5c639e6"
            ],
            "security_groups": [
              "pg-secgroup"
            ],
            "status": "ACTIVE",
            "stop_before_destroy": false,
            "system_disk_id": "8793b7e6-cea1-406f-b4fe-9497984c37ee",
            "system_disk_size": 40,
            "system_disk_type": "GPSSD",
            "tags": {},
            "timeouts": null,
            "user_data": null,
            "user_id": null,
            "volume_attached": [
              {
                "boot_index": 0,
                "pci_address": "0000:02:01.0",
                "size": 40,
                "type": "GPSSD",
                "volume_id": "8793b7e6-cea1-406f-b4fe-9497984c37ee"
              },
              {
                "boot_index": -1,
                "pci_address": "0000:02:02.0",
                "size": 50,
                "type": "SSD",
                "volume_id": "b48b8f08-0c02-421c-a862-e31f83eafc68"
              }
            ]
          },
          "sensitive_attributes": [],
          "private": "eyJlMmJmYjczMC1lY2FhLTExZTYtOGY4OC0zNDM2M2JjN2M0YzAiOnsiY3JlYXRlIjoxODAwMDAwMDAwMDAwLCJkZWxldGUiOjE4MDAwMDAwMDAwMDAsInVwZGF0ZSI6MTgwMDAwMDAwMDAwMH19",
          "dependencies": [
            "huaweicloud_vpc.pgvpc",
            "huaweicloud_vpc_subnet.pg-subnet",
            "data.huaweicloud_availability_zones.myaz",
            "data.huaweicloud_images_image.myimage"
          ]
        }
      ]
    },
    {
      "mode": "managed",
      "type": "huaweicloud_compute_volume_attach",
      "name": "pg-attached",
      "provider": "provider[\"registry.terraform.io/huaweicloud/huaweicloud\"]",
      "instances": [
        {
          "schema_version": 0,
          "attributes": {
            "device": "/dev/vdb",
            "id": "f58446e1-557a-4ebc-9096-aafe9972441a/b48b8f08-0c02-421c-a862-e31f83eafc68",
            "instance_id": "f58446e1-557a-4ebc-9096-aafe9972441a",
            "pci_address": "0000:02:02.0",
            "region": "sa-argentina-1",
            "timeouts": null,
            "volume_id": "b48b8f08-0c02-421c-a862-e31f83eafc68"
          },
          "sensitive_attributes": [],
          "private": "eyJlMmJmYjczMC1lY2FhLTExZTYtOGY4OC0zNDM2M2JjN2M0YzAiOnsiY3JlYXRlIjo2MDAwMDAwMDAwMDAsImRlbGV0ZSI6NjAwMDAwMDAwMDAwfX0=",
          "dependencies": [
            "huaweicloud_vpc_subnet.pg-subnet",
            "data.huaweicloud_availability_zones.myaz",
            "data.huaweicloud_images_image.myimage",
            "huaweicloud_compute_instance.pg-ecs",
            "huaweicloud_evs_volume.pg-vol",
            "huaweicloud_vpc.pgvpc"
          ]
        }
      ]
    },
    {
      "mode": "managed",
      "type": "huaweicloud_evs_volume",
      "name": "pg-vol",
      "provider": "provider[\"registry.terraform.io/huaweicloud/huaweicloud\"]",
      "instances": [
        {
          "schema_version": 0,
          "attributes": {
            "attachment": [
              {
                "device": "/dev/vdb",
                "id": "b48b8f08-0c02-421c-a862-e31f83eafc68",
                "instance_id": "f58446e1-557a-4ebc-9096-aafe9972441a"
              }
            ],
            "availability_zone": "sa-argentina-1a",
            "backup_id": null,
            "cascade": false,
            "description": "",
            "device_type": "VBD",
            "enterprise_project_id": "0",
            "id": "b48b8f08-0c02-421c-a862-e31f83eafc68",
            "image_id": null,
            "kms_id": null,
            "multiattach": false,
            "name": "pg-volume",
            "region": "sa-argentina-1",
            "size": 50,
            "snapshot_id": "",
            "tags": {},
            "timeouts": null,
            "volume_type": "SSD",
            "wwn": "68886030000009f4fa160c3973550310"
          },
          "sensitive_attributes": [],
          "private": "eyJlMmJmYjczMC1lY2FhLTExZTYtOGY4OC0zNDM2M2JjN2M0YzAiOnsiY3JlYXRlIjo2MDAwMDAwMDAwMDAsImRlbGV0ZSI6MTgwMDAwMDAwMDAwLCJ1cGRhdGUiOjE4MDAwMDAwMDAwMH19",
          "dependencies": [
            "data.huaweicloud_availability_zones.myaz"
          ]
        }
      ]
    },
    {
      "mode": "managed",
      "type": "huaweicloud_nat_dnat_rule",
      "name": "pg-dnat_1",
      "provider": "provider[\"registry.terraform.io/huaweicloud/huaweicloud\"]",
      "instances": [
        {
          "schema_version": 0,
          "attributes": {
            "created_at": "2021-12-14 20:25:00.957524",
            "external_service_port": 22,
            "floating_ip_address": "119.8.75.94",
            "floating_ip_id": "3fceb686-7435-4c6a-8332-a4171ee0d398",
            "id": "79b47351-815c-414b-a567-8aab1eb7b2d6",
            "internal_service_port": 22,
            "nat_gateway_id": "42f43291-8cb7-4dab-a7b1-541182768944",
            "port_id": "2899021d-aaa8-4b69-a59f-aaaf82849890",
            "private_ip": "",
            "protocol": "tcp",
            "region": null,
            "status": "ACTIVE"
          },
          "sensitive_attributes": [],
          "private": "bnVsbA==",
          "dependencies": [
            "huaweicloud_vpc_subnet.pg-subnet",
            "data.huaweicloud_availability_zones.myaz",
            "data.huaweicloud_images_image.myimage",
            "huaweicloud_compute_instance.pg-ecs",
            "huaweicloud_nat_gateway.pg-nat",
            "huaweicloud_vpc.pgvpc"
          ]
        }
      ]
    },
    {
      "mode": "managed",
      "type": "huaweicloud_nat_dnat_rule",
      "name": "pg-dnat_2",
      "provider": "provider[\"registry.terraform.io/huaweicloud/huaweicloud\"]",
      "instances": [
        {
          "schema_version": 0,
          "attributes": {
            "created_at": "2021-12-14 20:25:01.088518",
            "external_service_port": 80,
            "floating_ip_address": "119.8.75.94",
            "floating_ip_id": "3fceb686-7435-4c6a-8332-a4171ee0d398",
            "id": "cf975e58-80bb-46d7-be36-5fc5aec8fdce",
            "internal_service_port": 80,
            "nat_gateway_id": "42f43291-8cb7-4dab-a7b1-541182768944",
            "port_id": "2899021d-aaa8-4b69-a59f-aaaf82849890",
            "private_ip": "",
            "protocol": "tcp",
            "region": null,
            "status": "ACTIVE"
          },
          "sensitive_attributes": [],
          "private": "bnVsbA==",
          "dependencies": [
            "huaweicloud_vpc.pgvpc",
            "huaweicloud_vpc_subnet.pg-subnet",
            "data.huaweicloud_availability_zones.myaz",
            "data.huaweicloud_images_image.myimage",
            "huaweicloud_compute_instance.pg-ecs",
            "huaweicloud_nat_gateway.pg-nat"
          ]
        }
      ]
    },
    {
      "mode": "managed",
      "type": "huaweicloud_nat_dnat_rule",
      "name": "pg-dnat_3",
      "provider": "provider[\"registry.terraform.io/huaweicloud/huaweicloud\"]",
      "instances": [
        {
          "schema_version": 0,
          "attributes": {
            "created_at": "2021-12-14 20:25:01.102574",
            "external_service_port": 8080,
            "floating_ip_address": "119.8.75.94",
            "floating_ip_id": "3fceb686-7435-4c6a-8332-a4171ee0d398",
            "id": "b77121da-ab37-4a05-88fa-88087c288855",
            "internal_service_port": 8080,
            "nat_gateway_id": "42f43291-8cb7-4dab-a7b1-541182768944",
            "port_id": "2899021d-aaa8-4b69-a59f-aaaf82849890",
            "private_ip": "",
            "protocol": "tcp",
            "region": null,
            "status": "ACTIVE"
          },
          "sensitive_attributes": [],
          "private": "bnVsbA==",
          "dependencies": [
            "data.huaweicloud_availability_zones.myaz",
            "data.huaweicloud_images_image.myimage",
            "huaweicloud_compute_instance.pg-ecs",
            "huaweicloud_nat_gateway.pg-nat",
            "huaweicloud_vpc.pgvpc",
            "huaweicloud_vpc_subnet.pg-subnet"
          ]
        }
      ]
    },
    {
      "mode": "managed",
      "type": "huaweicloud_nat_dnat_rule",
      "name": "pg-dnat_4",
      "provider": "provider[\"registry.terraform.io/huaweicloud/huaweicloud\"]",
      "instances": [
        {
          "schema_version": 0,
          "attributes": {
            "created_at": "2021-12-14 20:25:01.293458",
            "external_service_port": 443,
            "floating_ip_address": "119.8.75.94",
            "floating_ip_id": "3fceb686-7435-4c6a-8332-a4171ee0d398",
            "id": "7db7133d-c1bf-4390-8ab3-cb9283108de2",
            "internal_service_port": 443,
            "nat_gateway_id": "42f43291-8cb7-4dab-a7b1-541182768944",
            "port_id": "2899021d-aaa8-4b69-a59f-aaaf82849890",
            "private_ip": "",
            "protocol": "tcp",
            "region": null,
            "status": "ACTIVE"
          },
          "sensitive_attributes": [],
          "private": "bnVsbA==",
          "dependencies": [
            "huaweicloud_compute_instance.pg-ecs",
            "huaweicloud_nat_gateway.pg-nat",
            "huaweicloud_vpc.pgvpc",
            "huaweicloud_vpc_subnet.pg-subnet",
            "data.huaweicloud_availability_zones.myaz",
            "data.huaweicloud_images_image.myimage"
          ]
        }
      ]
    },
    {
      "mode": "managed",
      "type": "huaweicloud_nat_gateway",
      "name": "pg-nat",
      "provider": "provider[\"registry.terraform.io/huaweicloud/huaweicloud\"]",
      "instances": [
        {
          "schema_version": 0,
          "attributes": {
            "description": "",
            "enterprise_project_id": "0",
            "id": "42f43291-8cb7-4dab-a7b1-541182768944",
            "internal_network_id": "e6c958d9-7ac7-4422-b138-9a3171553abd",
            "name": "pg-nat",
            "region": "sa-argentina-1",
            "router_id": "333c0215-308f-4c90-8f73-c95ae7b02741",
            "spec": "1",
            "status": "ACTIVE",
            "subnet_id": "e6c958d9-7ac7-4422-b138-9a3171553abd",
            "timeouts": null,
            "vpc_id": "333c0215-308f-4c90-8f73-c95ae7b02741"
          },
          "sensitive_attributes": [],
          "private": "eyJlMmJmYjczMC1lY2FhLTExZTYtOGY4OC0zNDM2M2JjN2M0YzAiOnsiY3JlYXRlIjo2MDAwMDAwMDAwMDAsImRlbGV0ZSI6NjAwMDAwMDAwMDAwfX0=",
          "dependencies": [
            "huaweicloud_vpc.pgvpc",
            "huaweicloud_vpc_subnet.pg-subnet"
          ]
        }
      ]
    },
    {
      "mode": "managed",
      "type": "huaweicloud_nat_snat_rule",
      "name": "pg-snat",
      "provider": "provider[\"registry.terraform.io/huaweicloud/huaweicloud\"]",
      "instances": [
        {
          "schema_version": 0,
          "attributes": {
            "cidr": "",
            "floating_ip_address": "119.8.75.94",
            "floating_ip_id": "3fceb686-7435-4c6a-8332-a4171ee0d398",
            "id": "a929590c-11e9-458f-80ef-429ecaf8bec0",
            "nat_gateway_id": "42f43291-8cb7-4dab-a7b1-541182768944",
            "network_id": null,
            "region": "sa-argentina-1",
            "source_type": 0,
            "status": "ACTIVE",
            "subnet_id": "e6c958d9-7ac7-4422-b138-9a3171553abd",
            "timeouts": null
          },
          "sensitive_attributes": [],
          "private": "eyJlMmJmYjczMC1lY2FhLTExZTYtOGY4OC0zNDM2M2JjN2M0YzAiOnsiY3JlYXRlIjo2MDAwMDAwMDAwMDAsImRlbGV0ZSI6NjAwMDAwMDAwMDAwfX0=",
          "dependencies": [
            "huaweicloud_nat_gateway.pg-nat",
            "huaweicloud_vpc.pgvpc",
            "huaweicloud_vpc_subnet.pg-subnet"
          ]
        }
      ]
    },
    {
      "mode": "managed",
      "type": "huaweicloud_networking_secgroup",
      "name": "pg-secgroup",
      "provider": "provider[\"registry.terraform.io/huaweicloud/huaweicloud\"]",
      "instances": [
        {
          "schema_version": 0,
          "attributes": {
            "delete_default_rules": null,
            "description": "My security group",
            "enterprise_project_id": "0",
            "id": "a3579dc4-ffef-4d29-a36c-6b8dd5c639e6",
            "name": "pg-secgroup",
            "region": "sa-argentina-1",
            "rules": [
              {
                "description": "",
                "direction": "ingress",
                "ethertype": "IPv4",
                "id": "55cca10e-5e4b-404f-89fe-2f11e1941126",
                "port_range_max": 22,
                "port_range_min": 22,
                "protocol": "tcp",
                "remote_group_id": "",
                "remote_ip_prefix": "0.0.0.0/0"
              },
              {
                "description": "",
                "direction": "ingress",
                "ethertype": "IPv4",
                "id": "99a17411-9bd9-4b90-8003-270dd9542e48",
                "port_range_max": 8080,
                "port_range_min": 8080,
                "protocol": "tcp",
                "remote_group_id": "",
                "remote_ip_prefix": "0.0.0.0/0"
              },
              {
                "description": "",
                "direction": "ingress",
                "ethertype": "IPv4",
                "id": "41cb03b1-1871-49a5-8f2b-b2ada1e28c93",
                "port_range_max": 80,
                "port_range_min": 80,
                "protocol": "tcp",
                "remote_group_id": "",
                "remote_ip_prefix": "0.0.0.0/0"
              },
              {
                "description": "",
                "direction": "ingress",
                "ethertype": "IPv4",
                "id": "88ed680d-6108-44d0-b7d1-514a0ae28559",
                "port_range_max": 443,
                "port_range_min": 443,
                "protocol": "tcp",
                "remote_group_id": "",
                "remote_ip_prefix": "0.0.0.0/0"
              },
              {
                "description": "",
                "direction": "ingress",
                "ethertype": "IPv4",
                "id": "b5458322-351d-405e-9c4d-98c32511b496",
                "port_range_max": 0,
                "port_range_min": 0,
                "protocol": "",
                "remote_group_id": "a3579dc4-ffef-4d29-a36c-6b8dd5c639e6",
                "remote_ip_prefix": ""
              },
              {
                "description": "",
                "direction": "egress",
                "ethertype": "IPv4",
                "id": "6646f9d3-79c5-4633-936e-aa878f65e6f5",
                "port_range_max": 0,
                "port_range_min": 0,
                "protocol": "",
                "remote_group_id": "",
                "remote_ip_prefix": ""
              }
            ],
            "tenant_id": null,
            "timeouts": null
          },
          "sensitive_attributes": [],
          "private": "eyJlMmJmYjczMC1lY2FhLTExZTYtOGY4OC0zNDM2M2JjN2M0YzAiOnsiZGVsZXRlIjo2MDAwMDAwMDAwMDB9fQ=="
        }
      ]
    },
    {
      "mode": "managed",
      "type": "huaweicloud_networking_secgroup_rule",
      "name": "secgroup_rule",
      "provider": "provider[\"registry.terraform.io/huaweicloud/huaweicloud\"]",
      "instances": [
        {
          "schema_version": 0,
          "attributes": {
            "description": "",
            "direction": "ingress",
            "ethertype": "IPv4",
            "id": "55cca10e-5e4b-404f-89fe-2f11e1941126",
            "port_range_max": 22,
            "port_range_min": 22,
            "protocol": "tcp",
            "region": "sa-argentina-1",
            "remote_group_id": "",
            "remote_ip_prefix": "0.0.0.0/0",
            "security_group_id": "a3579dc4-ffef-4d29-a36c-6b8dd5c639e6",
            "tenant_id": "0d471126ed00f5882fe5c000df6574a1",
            "timeouts": null
          },
          "sensitive_attributes": [],
          "private": "eyJlMmJmYjczMC1lY2FhLTExZTYtOGY4OC0zNDM2M2JjN2M0YzAiOnsiZGVsZXRlIjo2MDAwMDAwMDAwMDB9fQ==",
          "dependencies": [
            "huaweicloud_networking_secgroup.pg-secgroup"
          ]
        }
      ]
    },
    {
      "mode": "managed",
      "type": "huaweicloud_vpc",
      "name": "pgvpc",
      "provider": "provider[\"registry.terraform.io/huaweicloud/huaweicloud\"]",
      "instances": [
        {
          "schema_version": 0,
          "attributes": {
            "cidr": "192.168.0.0/16",
            "description": "",
            "enterprise_project_id": "0",
            "id": "333c0215-308f-4c90-8f73-c95ae7b02741",
            "name": "pgvpc",
            "region": "sa-argentina-1",
            "routes": [
              {
                "destination": "0.0.0.0/0",
                "nexthop": "192.168.0.17"
              }
            ],
            "status": "OK",
            "tags": {},
            "timeouts": null
          },
          "sensitive_attributes": [],
          "private": "eyJlMmJmYjczMC1lY2FhLTExZTYtOGY4OC0zNDM2M2JjN2M0YzAiOnsiY3JlYXRlIjo2MDAwMDAwMDAwMDAsImRlbGV0ZSI6MTgwMDAwMDAwMDAwfX0="
        }
      ]
    },
    {
      "mode": "managed",
      "type": "huaweicloud_vpc_subnet",
      "name": "pg-subnet",
      "provider": "provider[\"registry.terraform.io/huaweicloud/huaweicloud\"]",
      "instances": [
        {
          "schema_version": 0,
          "attributes": {
            "availability_zone": "",
            "cidr": "192.168.0.0/24",
            "dhcp_enable": true,
            "dns_list": [
              "100.125.1.250",
              "8.8.8.8"
            ],
            "gateway_ip": "192.168.0.1",
            "id": "e6c958d9-7ac7-4422-b138-9a3171553abd",
            "ipv6_cidr": "",
            "ipv6_enable": false,
            "ipv6_gateway": "",
            "ipv6_subnet_id": "",
            "name": "pg-subnet",
            "primary_dns": "100.125.1.250",
            "region": "sa-argentina-1",
            "secondary_dns": "8.8.8.8",
            "subnet_id": "b1b66d86-53cf-4c2e-a19b-930efca46956",
            "tags": {},
            "timeouts": null,
            "vpc_id": "333c0215-308f-4c90-8f73-c95ae7b02741"
          },
          "sensitive_attributes": [],
          "private": "eyJlMmJmYjczMC1lY2FhLTExZTYtOGY4OC0zNDM2M2JjN2M0YzAiOnsiY3JlYXRlIjo2MDAwMDAwMDAwMDAsImRlbGV0ZSI6NjAwMDAwMDAwMDAwfX0=",
          "dependencies": [
            "huaweicloud_vpc.pgvpc"
          ]
        }
      ]
    }
  ]
}
