{
  "version": 4,
  "terraform_version": "1.0.11",
  "serial": 140,
  "lineage": "145db228-a405-af43-4708-a3a4ab852090",
  "outputs": {},
  "resources": [
    {
      "mode": "data",
      "type": "huaweicloud_availability_zones",
      "name": "myaz",
      "provider": "provider[\"registry.terraform.io/huaweicloud/huaweicloud\"]",
      "instances": [
        {
          "schema_version": 0,
          "attributes": {
            "id": "3028977763",
            "names": [
              "sa-argentina-1a"
            ],
            "region": null,
            "state": "available"
          },
          "sensitive_attributes": []
        }
      ]
    },
    {
      "mode": "data",
      "type": "huaweicloud_images_image",
      "name": "myimage",
      "provider": "provider[\"registry.terraform.io/huaweicloud/huaweicloud\"]",
      "instances": [
        {
          "schema_version": 0,
          "attributes": {
            "architecture": null,
            "checksum": "99914b932bd37a50b983c5e7c90ae93b",
            "container_format": "bare",
            "created_at": "2021-04-28T03:16:08Z",
            "disk_format": "zvhd2",
            "file": "/v2/images/e102123f-cb32-46e0-9409-e5812063b89e/file",
            "id": "e102123f-cb32-46e0-9409-e5812063b89e",
            "image_type": "FusionCompute",
            "metadata": null,
            "min_disk_gb": 40,
            "min_ram_mb": 0,
            "most_recent": true,
            "name": "CentOS 7.9 64bit",
            "name_regex": null,
            "os": "CentOS",
            "os_version": "CentOS 7.9 64bit",
            "owner": "0732569ce78025a92fc5c0007b7e1a7d",
            "protected": true,
            "region": null,
            "schema": "/v2/schemas/image",
            "size_bytes": 1549508608,
            "size_max": null,
            "size_min": null,
            "sort_direction": "asc",
            "sort_key": "name",
            "status": "active",
            "tag": null,
            "updated_at": "2021-04-28T03:20:36Z",
            "visibility": "public"
          },
          "sensitive_attributes": []
        }
      ]
    },
    {
      "mode": "managed",
      "type": "huaweicloud_compute_instance",
      "name": "pg-ecs",
      "provider": "provider[\"registry.terraform.io/huaweicloud/huaweicloud\"]",
      "instances": [
        {
          "schema_version": 0,
          "attributes": {
            "access_ip_v4": "192.168.0.151",
            "access_ip_v6": "",
            "admin_pass": "bv*Ycck3y8gO1H#d",
            "agency_name": "",
            "auto_renew": null,
            "availability_zone": "sa-argentina-1a",
            "block_device": [],
            "charging_mode": "postPaid",
            "data_disks": [],
            "delete_disks_on_termination": null,
            "enterprise_project_id": "0",
            "flavor_id": "s6.small.1",
            "flavor_name": "s6.small.1",
            "id": "4c6ada00-9aec-4c8d-a25c-7c5affa78797",
            "image_id": "e102123f-cb32-46e0-9409-e5812063b89e",
            "image_name": "CentOS 7.9 64bit",
            "key_pair": null,
            "metadata": null,
            "name": "pg-ecs",
            "network": [
              {
                "access_network": false,
                "fixed_ip_v4": "192.168.0.151",
                "fixed_ip_v6": "",
                "mac": "fa:16:c0:04:2b:25",
                "port": "a7b841ae-0d20-416a-82e8-81a22ad2af22",
                "source_dest_check": true,
                "uuid": "86ad5b62-9618-4b7f-98f5-e45372f29e5c"
              }
            ],
            "period": null,
            "period_unit": null,
            "power_action": null,
            "public_ip": null,
            "region": "sa-argentina-1",
            "scheduler_hints": [],
            "security_group_ids": [
              "b100c309-71ee-457e-8a18-d609782c2a6b"
            ],
            "security_groups": [
              "pg-secgroup"
            ],
            "status": "ACTIVE",
            "stop_before_destroy": false,
            "system_disk_id": "779ecd77-122d-4cb8-8e18-502c1dad9c0e",
            "system_disk_size": 40,
            "system_disk_type": "GPSSD",
            "tags": null,
            "timeouts": null,
            "user_data": null,
            "user_id": null,
            "volume_attached": [
              {
                "boot_index": 0,
                "pci_address": "0000:02:01.0",
                "size": 40,
                "type": "GPSSD",
                "volume_id": "779ecd77-122d-4cb8-8e18-502c1dad9c0e"
              }
            ]
          },
          "sensitive_attributes": [
            [
              {
                "type": "get_attr",
                "value": "admin_pass"
              }
            ]
          ],
          "private": "eyJlMmJmYjczMC1lY2FhLTExZTYtOGY4OC0zNDM2M2JjN2M0YzAiOnsiY3JlYXRlIjoxODAwMDAwMDAwMDAwLCJkZWxldGUiOjE4MDAwMDAwMDAwMDAsInVwZGF0ZSI6MTgwMDAwMDAwMDAwMH19",
          "dependencies": [
            "data.huaweicloud_availability_zones.myaz",
            "data.huaweicloud_images_image.myimage",
            "huaweicloud_vpc.pgvpc",
            "huaweicloud_vpc_subnet.pg-subnet",
            "random_password.password"
          ]
        }
      ]
    },
    {
      "mode": "managed",
      "type": "huaweicloud_compute_volume_attach",
      "name": "pg-attached",
      "provider": "provider[\"registry.terraform.io/huaweicloud/huaweicloud\"]",
      "instances": [
        {
          "schema_version": 0,
          "attributes": {
            "device": "/dev/vdb",
            "id": "4c6ada00-9aec-4c8d-a25c-7c5affa78797/c51a4481-5820-4632-88dd-d1e05c77e5ea",
            "instance_id": "4c6ada00-9aec-4c8d-a25c-7c5affa78797",
            "pci_address": "0000:02:02.0",
            "region": "sa-argentina-1",
            "timeouts": null,
            "volume_id": "c51a4481-5820-4632-88dd-d1e05c77e5ea"
          },
          "sensitive_attributes": [],
          "private": "eyJlMmJmYjczMC1lY2FhLTExZTYtOGY4OC0zNDM2M2JjN2M0YzAiOnsiY3JlYXRlIjo2MDAwMDAwMDAwMDAsImRlbGV0ZSI6NjAwMDAwMDAwMDAwfX0=",
          "dependencies": [
            "data.huaweicloud_availability_zones.myaz",
            "data.huaweicloud_images_image.myimage",
            "huaweicloud_compute_instance.pg-ecs",
            "huaweicloud_evs_volume.pg-vol",
            "huaweicloud_vpc.pgvpc",
            "huaweicloud_vpc_subnet.pg-subnet",
            "random_password.password"
          ]
        }
      ]
    },
    {
      "mode": "managed",
      "type": "huaweicloud_evs_volume",
      "name": "pg-vol",
      "provider": "provider[\"registry.terraform.io/huaweicloud/huaweicloud\"]",
      "instances": [
        {
          "schema_version": 0,
          "attributes": {
            "attachment": [],
            "availability_zone": "sa-argentina-1a",
            "backup_id": null,
            "cascade": false,
            "description": "",
            "device_type": "VBD",
            "enterprise_project_id": "0",
            "id": "c51a4481-5820-4632-88dd-d1e05c77e5ea",
            "image_id": null,
            "kms_id": null,
            "multiattach": false,
            "name": "pg-volume",
            "region": "sa-argentina-1",
            "size": 50,
            "snapshot_id": "",
            "tags": null,
            "timeouts": null,
            "volume_type": "SSD",
            "wwn": "68886030000004aefa160c3973550310"
          },
          "sensitive_attributes": [],
          "private": "eyJlMmJmYjczMC1lY2FhLTExZTYtOGY4OC0zNDM2M2JjN2M0YzAiOnsiY3JlYXRlIjo2MDAwMDAwMDAwMDAsImRlbGV0ZSI6MTgwMDAwMDAwMDAwLCJ1cGRhdGUiOjE4MDAwMDAwMDAwMH19",
          "dependencies": [
            "data.huaweicloud_availability_zones.myaz"
          ]
        }
      ]
    },
    {
      "mode": "managed",
      "type": "huaweicloud_nat_dnat_rule",
      "name": "pg-dnat_1",
      "provider": "provider[\"registry.terraform.io/huaweicloud/huaweicloud\"]",
      "instances": [
        {
          "schema_version": 0,
          "attributes": {
            "created_at": "2021-12-07 17:50:03.049182",
            "external_service_port": 22,
            "floating_ip_address": "119.8.75.94",
            "floating_ip_id": "3fceb686-7435-4c6a-8332-a4171ee0d398",
            "id": "76fe1b5c-fbd9-4e62-a0ea-06d298188b96",
            "internal_service_port": 22,
            "nat_gateway_id": "fe631d48-d493-4ecb-9800-621497035bc9",
            "port_id": "a7b841ae-0d20-416a-82e8-81a22ad2af22",
            "private_ip": "",
            "protocol": "tcp",
            "region": null,
            "status": "ACTIVE"
          },
          "sensitive_attributes": [],
          "private": "bnVsbA==",
          "dependencies": [
            "data.huaweicloud_availability_zones.myaz",
            "data.huaweicloud_images_image.myimage",
            "huaweicloud_compute_instance.pg-ecs",
            "huaweicloud_nat_gateway.pg-nat",
            "huaweicloud_vpc.pgvpc",
            "huaweicloud_vpc_subnet.pg-subnet",
            "random_password.password"
          ]
        }
      ]
    },
    {
      "mode": "managed",
      "type": "huaweicloud_nat_dnat_rule",
      "name": "pg-dnat_2",
      "provider": "provider[\"registry.terraform.io/huaweicloud/huaweicloud\"]",
      "instances": [
        {
          "schema_version": 0,
          "attributes": {
            "created_at": "2021-12-07 17:50:02.428422",
            "external_service_port": 80,
            "floating_ip_address": "119.8.75.94",
            "floating_ip_id": "3fceb686-7435-4c6a-8332-a4171ee0d398",
            "id": "9dfef048-67b4-4ef8-9074-8727dabdb214",
            "internal_service_port": 80,
            "nat_gateway_id": "fe631d48-d493-4ecb-9800-621497035bc9",
            "port_id": "a7b841ae-0d20-416a-82e8-81a22ad2af22",
            "private_ip": "",
            "protocol": "tcp",
            "region": null,
            "status": "ACTIVE"
          },
          "sensitive_attributes": [],
          "private": "bnVsbA==",
          "dependencies": [
            "data.huaweicloud_availability_zones.myaz",
            "data.huaweicloud_images_image.myimage",
            "huaweicloud_compute_instance.pg-ecs",
            "huaweicloud_nat_gateway.pg-nat",
            "huaweicloud_vpc.pgvpc",
            "huaweicloud_vpc_subnet.pg-subnet",
            "random_password.password"
          ]
        }
      ]
    },
    {
      "mode": "managed",
      "type": "huaweicloud_nat_dnat_rule",
      "name": "pg-dnat_3",
      "provider": "provider[\"registry.terraform.io/huaweicloud/huaweicloud\"]",
      "instances": [
        {
          "schema_version": 0,
          "attributes": {
            "created_at": "2021-12-07 17:50:02.479786",
            "external_service_port": 8080,
            "floating_ip_address": "119.8.75.94",
            "floating_ip_id": "3fceb686-7435-4c6a-8332-a4171ee0d398",
            "id": "8273ad37-b96b-487d-a0e1-a8f840d28832",
            "internal_service_port": 8080,
            "nat_gateway_id": "fe631d48-d493-4ecb-9800-621497035bc9",
            "port_id": "a7b841ae-0d20-416a-82e8-81a22ad2af22",
            "private_ip": "",
            "protocol": "tcp",
            "region": null,
            "status": "ACTIVE"
          },
          "sensitive_attributes": [],
          "private": "bnVsbA==",
          "dependencies": [
            "data.huaweicloud_availability_zones.myaz",
            "data.huaweicloud_images_image.myimage",
            "huaweicloud_compute_instance.pg-ecs",
            "huaweicloud_nat_gateway.pg-nat",
            "huaweicloud_vpc.pgvpc",
            "huaweicloud_vpc_subnet.pg-subnet",
            "random_password.password"
          ]
        }
      ]
    },
    {
      "mode": "managed",
      "type": "huaweicloud_nat_dnat_rule",
      "name": "pg-dnat_4",
      "provider": "provider[\"registry.terraform.io/huaweicloud/huaweicloud\"]",
      "instances": [
        {
          "schema_version": 0,
          "attributes": {
            "created_at": "2021-12-07 17:50:02.487091",
            "external_service_port": 443,
            "floating_ip_address": "119.8.75.94",
            "floating_ip_id": "3fceb686-7435-4c6a-8332-a4171ee0d398",
            "id": "43c83f80-1743-4561-b241-0eb8f394f875",
            "internal_service_port": 443,
            "nat_gateway_id": "fe631d48-d493-4ecb-9800-621497035bc9",
            "port_id": "a7b841ae-0d20-416a-82e8-81a22ad2af22",
            "private_ip": "",
            "protocol": "tcp",
            "region": null,
            "status": "ACTIVE"
          },
          "sensitive_attributes": [],
          "private": "bnVsbA==",
          "dependencies": [
            "data.huaweicloud_availability_zones.myaz",
            "data.huaweicloud_images_image.myimage",
            "huaweicloud_compute_instance.pg-ecs",
            "huaweicloud_nat_gateway.pg-nat",
            "huaweicloud_vpc.pgvpc",
            "huaweicloud_vpc_subnet.pg-subnet",
            "random_password.password"
          ]
        }
      ]
    },
    {
      "mode": "managed",
      "type": "huaweicloud_nat_gateway",
      "name": "pg-nat",
      "provider": "provider[\"registry.terraform.io/huaweicloud/huaweicloud\"]",
      "instances": [
        {
          "schema_version": 0,
          "attributes": {
            "description": "",
            "enterprise_project_id": "0",
            "id": "fe631d48-d493-4ecb-9800-621497035bc9",
            "internal_network_id": "86ad5b62-9618-4b7f-98f5-e45372f29e5c",
            "name": "pg-nat",
            "region": "sa-argentina-1",
            "router_id": "124cad61-c73c-4af4-98d6-a354ec0a62c3",
            "spec": "1",
            "status": "ACTIVE",
            "subnet_id": "86ad5b62-9618-4b7f-98f5-e45372f29e5c",
            "timeouts": null,
            "vpc_id": "124cad61-c73c-4af4-98d6-a354ec0a62c3"
          },
          "sensitive_attributes": [],
          "private": "eyJlMmJmYjczMC1lY2FhLTExZTYtOGY4OC0zNDM2M2JjN2M0YzAiOnsiY3JlYXRlIjo2MDAwMDAwMDAwMDAsImRlbGV0ZSI6NjAwMDAwMDAwMDAwfX0=",
          "dependencies": [
            "huaweicloud_vpc.pgvpc",
            "huaweicloud_vpc_subnet.pg-subnet"
          ]
        }
      ]
    },
    {
      "mode": "managed",
      "type": "huaweicloud_nat_snat_rule",
      "name": "pg-snat",
      "provider": "provider[\"registry.terraform.io/huaweicloud/huaweicloud\"]",
      "instances": [
        {
          "schema_version": 0,
          "attributes": {
            "cidr": "",
            "floating_ip_address": "119.8.75.94",
            "floating_ip_id": "3fceb686-7435-4c6a-8332-a4171ee0d398",
            "id": "1171c32d-87a8-4d07-b12c-ff9b268272a8",
            "nat_gateway_id": "fe631d48-d493-4ecb-9800-621497035bc9",
            "network_id": null,
            "region": "sa-argentina-1",
            "source_type": 0,
            "status": "ACTIVE",
            "subnet_id": "86ad5b62-9618-4b7f-98f5-e45372f29e5c",
            "timeouts": null
          },
          "sensitive_attributes": [],
          "private": "eyJlMmJmYjczMC1lY2FhLTExZTYtOGY4OC0zNDM2M2JjN2M0YzAiOnsiY3JlYXRlIjo2MDAwMDAwMDAwMDAsImRlbGV0ZSI6NjAwMDAwMDAwMDAwfX0=",
          "dependencies": [
            "huaweicloud_nat_gateway.pg-nat",
            "huaweicloud_vpc.pgvpc",
            "huaweicloud_vpc_subnet.pg-subnet"
          ]
        }
      ]
    },
    {
      "mode": "managed",
      "type": "huaweicloud_networking_secgroup",
      "name": "pg-secgroup",
      "provider": "provider[\"registry.terraform.io/huaweicloud/huaweicloud\"]",
      "instances": [
        {
          "schema_version": 0,
          "attributes": {
            "delete_default_rules": null,
            "description": "My security group",
            "enterprise_project_id": "0",
            "id": "b100c309-71ee-457e-8a18-d609782c2a6b",
            "name": "pg-secgroup",
            "region": "sa-argentina-1",
            "rules": [
              {
                "description": "",
                "direction": "ingress",
                "ethertype": "IPv4",
                "id": "9ded5826-56a0-4131-8775-435eb63d6a8a",
                "port_range_max": 0,
                "port_range_min": 0,
                "protocol": "",
                "remote_group_id": "b100c309-71ee-457e-8a18-d609782c2a6b",
                "remote_ip_prefix": ""
              },
              {
                "description": "",
                "direction": "egress",
                "ethertype": "IPv4",
                "id": "7d8a3780-5848-4807-be66-c8efe0b59052",
                "port_range_max": 0,
                "port_range_min": 0,
                "protocol": "",
                "remote_group_id": "",
                "remote_ip_prefix": ""
              }
            ],
            "tenant_id": null,
            "timeouts": null
          },
          "sensitive_attributes": [],
          "private": "eyJlMmJmYjczMC1lY2FhLTExZTYtOGY4OC0zNDM2M2JjN2M0YzAiOnsiZGVsZXRlIjo2MDAwMDAwMDAwMDB9fQ=="
        }
      ]
    },
    {
      "mode": "managed",
      "type": "huaweicloud_networking_secgroup_rule",
      "name": "http",
      "provider": "provider[\"registry.terraform.io/huaweicloud/huaweicloud\"]",
      "instances": [
        {
          "schema_version": 0,
          "attributes": {
            "description": "",
            "direction": "ingress",
            "ethertype": "IPv4",
            "id": "b958b1d5-8f21-4895-9ff6-b86c891f4263",
            "port_range_max": 80,
            "port_range_min": 80,
            "protocol": "tcp",
            "region": "sa-argentina-1",
            "remote_group_id": "",
            "remote_ip_prefix": "0.0.0.0/0",
            "security_group_id": "b100c309-71ee-457e-8a18-d609782c2a6b",
            "tenant_id": "0d471126ed00f5882fe5c000df6574a1",
            "timeouts": null
          },
          "sensitive_attributes": [],
          "private": "eyJlMmJmYjczMC1lY2FhLTExZTYtOGY4OC0zNDM2M2JjN2M0YzAiOnsiZGVsZXRlIjo2MDAwMDAwMDAwMDB9fQ==",
          "dependencies": [
            "huaweicloud_networking_secgroup.pg-secgroup"
          ]
        }
      ]
    },
    {
      "mode": "managed",
      "type": "huaweicloud_networking_secgroup_rule",
      "name": "http1",
      "provider": "provider[\"registry.terraform.io/huaweicloud/huaweicloud\"]",
      "instances": [
        {
          "schema_version": 0,
          "attributes": {
            "description": "",
            "direction": "ingress",
            "ethertype": "IPv4",
            "id": "e964e373-c94b-432a-85c2-1f9c4a666b89",
            "port_range_max": 8080,
            "port_range_min": 8080,
            "protocol": "tcp",
            "region": "sa-argentina-1",
            "remote_group_id": "",
            "remote_ip_prefix": "0.0.0.0/0",
            "security_group_id": "b100c309-71ee-457e-8a18-d609782c2a6b",
            "tenant_id": "0d471126ed00f5882fe5c000df6574a1",
            "timeouts": null
          },
          "sensitive_attributes": [],
          "private": "eyJlMmJmYjczMC1lY2FhLTExZTYtOGY4OC0zNDM2M2JjN2M0YzAiOnsiZGVsZXRlIjo2MDAwMDAwMDAwMDB9fQ==",
          "dependencies": [
            "huaweicloud_networking_secgroup.pg-secgroup"
          ]
        }
      ]
    },
    {
      "mode": "managed",
      "type": "huaweicloud_networking_secgroup_rule",
      "name": "https",
      "provider": "provider[\"registry.terraform.io/huaweicloud/huaweicloud\"]",
      "instances": [
        {
          "schema_version": 0,
          "attributes": {
            "description": "",
            "direction": "ingress",
            "ethertype": "IPv4",
            "id": "10f59242-8816-419f-822c-4d3193b1b307",
            "port_range_max": 443,
            "port_range_min": 443,
            "protocol": "tcp",
            "region": "sa-argentina-1",
            "remote_group_id": "",
            "remote_ip_prefix": "0.0.0.0/0",
            "security_group_id": "b100c309-71ee-457e-8a18-d609782c2a6b",
            "tenant_id": "0d471126ed00f5882fe5c000df6574a1",
            "timeouts": null
          },
          "sensitive_attributes": [],
          "private": "eyJlMmJmYjczMC1lY2FhLTExZTYtOGY4OC0zNDM2M2JjN2M0YzAiOnsiZGVsZXRlIjo2MDAwMDAwMDAwMDB9fQ==",
          "dependencies": [
            "huaweicloud_networking_secgroup.pg-secgroup"
          ]
        }
      ]
    },
    {
      "mode": "managed",
      "type": "huaweicloud_networking_secgroup_rule",
      "name": "secgroup_rule",
      "provider": "provider[\"registry.terraform.io/huaweicloud/huaweicloud\"]",
      "instances": [
        {
          "schema_version": 0,
          "attributes": {
            "description": "",
            "direction": "ingress",
            "ethertype": "IPv4",
            "id": "d981fccd-dff3-41ed-8528-c130595804e3",
            "port_range_max": 22,
            "port_range_min": 22,
            "protocol": "tcp",
            "region": "sa-argentina-1",
            "remote_group_id": "",
            "remote_ip_prefix": "0.0.0.0/0",
            "security_group_id": "b100c309-71ee-457e-8a18-d609782c2a6b",
            "tenant_id": "0d471126ed00f5882fe5c000df6574a1",
            "timeouts": null
          },
          "sensitive_attributes": [],
          "private": "eyJlMmJmYjczMC1lY2FhLTExZTYtOGY4OC0zNDM2M2JjN2M0YzAiOnsiZGVsZXRlIjo2MDAwMDAwMDAwMDB9fQ==",
          "dependencies": [
            "huaweicloud_networking_secgroup.pg-secgroup"
          ]
        }
      ]
    },
    {
      "mode": "managed",
      "type": "huaweicloud_vpc",
      "name": "pgvpc",
      "provider": "provider[\"registry.terraform.io/huaweicloud/huaweicloud\"]",
      "instances": [
        {
          "schema_version": 0,
          "attributes": {
            "cidr": "192.168.0.0/16",
            "description": "",
            "enterprise_project_id": "0",
            "id": "124cad61-c73c-4af4-98d6-a354ec0a62c3",
            "name": "pgvpc",
            "region": "sa-argentina-1",
            "routes": [],
            "status": "OK",
            "tags": null,
            "timeouts": null
          },
          "sensitive_attributes": [],
          "private": "eyJlMmJmYjczMC1lY2FhLTExZTYtOGY4OC0zNDM2M2JjN2M0YzAiOnsiY3JlYXRlIjo2MDAwMDAwMDAwMDAsImRlbGV0ZSI6MTgwMDAwMDAwMDAwfX0="
        }
      ]
    },
    {
      "mode": "managed",
      "type": "huaweicloud_vpc_subnet",
      "name": "pg-subnet",
      "provider": "provider[\"registry.terraform.io/huaweicloud/huaweicloud\"]",
      "instances": [
        {
          "schema_version": 0,
          "attributes": {
            "availability_zone": "",
            "cidr": "192.168.0.0/24",
            "dhcp_enable": true,
            "dns_list": [
              "100.125.1.250",
              "8.8.8.8"
            ],
            "gateway_ip": "192.168.0.1",
            "id": "86ad5b62-9618-4b7f-98f5-e45372f29e5c",
            "ipv6_cidr": "",
            "ipv6_enable": false,
            "ipv6_gateway": "",
            "ipv6_subnet_id": "",
            "name": "pg-subnet",
            "primary_dns": "100.125.1.250",
            "region": "sa-argentina-1",
            "secondary_dns": "8.8.8.8",
            "subnet_id": "67e7db0e-a0d7-4f0f-a637-c5a60ccf7ee1",
            "tags": null,
            "timeouts": null,
            "vpc_id": "124cad61-c73c-4af4-98d6-a354ec0a62c3"
          },
          "sensitive_attributes": [],
          "private": "eyJlMmJmYjczMC1lY2FhLTExZTYtOGY4OC0zNDM2M2JjN2M0YzAiOnsiY3JlYXRlIjo2MDAwMDAwMDAwMDAsImRlbGV0ZSI6NjAwMDAwMDAwMDAwfX0=",
          "dependencies": [
            "huaweicloud_vpc.pgvpc"
          ]
        }
      ]
    },
    {
      "mode": "managed",
      "type": "random_password",
      "name": "password",
      "provider": "provider[\"registry.terraform.io/hashicorp/random\"]",
      "instances": [
        {
          "schema_version": 0,
          "attributes": {
            "id": "none",
            "keepers": null,
            "length": 16,
            "lower": true,
            "min_lower": 0,
            "min_numeric": 0,
            "min_special": 0,
            "min_upper": 0,
            "number": true,
            "override_special": "!@#$%*",
            "result": "bv*Ycck3y8gO1H#d",
            "special": true,
            "upper": true
          },
          "sensitive_attributes": [],
          "private": "bnVsbA=="
        }
      ]
    }
  ]
}
